
Microsoft Visual Studio Solution File, Format Version 12.00
# Visual Studio Version 16
VisualStudioVersion = 16.0.31112.23
MinimumVisualStudioVersion = 10.0.40219.1
Project("{FAE04EC0-301F-11D3-BF4B-00C04F79EFBC}") = "como", "como.csproj", "{4FBA8401-B2B7-411C-983A-909AE6DF3AB3}"
EndProject
Global
	GlobalSection(SolutionConfigurationPlatforms) = preSolution
		Debug|Any CPU = Debug|Any CPU
		Release|Any CPU = Release|Any CPU
	EndGlobalSection
	GlobalSection(ProjectConfigurationPlatforms) = postSolution
		{4FBA8401-B2B7-411C-983A-909AE6DF3AB3}.Debug|Any CPU.ActiveCfg = Debug|Any CPU
		{4FBA8401-B2B7-411C-983A-909AE6DF3AB3}.Debug|Any CPU.Build.0 = Debug|Any CPU
		{4FBA8401-B2B7-411C-983A-909AE6DF3AB3}.Release|Any CPU.ActiveCfg = Release|Any CPU
		{4FBA8401-B2B7-411C-983A-909AE6DF3AB3}.Release|Any CPU.Build.0 = Release|Any CPU
	EndGlobalSection
	GlobalSection(SolutionProperties) = preSolution
		HideSolutionNode = FALSE
	EndGlobalSection
	GlobalSection(ExtensibilityGlobals) = postSolution
		SolutionGuid = {E1C9AC45-1DEC-4592-998C-B5622FC7A7CF}
	EndGlobalSection
EndGlobal
